
Microsoft Visual Studio Solution File, Format Version 12.00
# Visual Studio Version 17
VisualStudioVersion = 17.8.34309.116
MinimumVisualStudioVersion = 10.0.40219.1
Project("{FAE04EC0-301F-11D3-BF4B-00C04F79EFBC}") = "Turnbased RPG", "Turnbased RPG\Turnbased RPG.csproj", "{FFCE085A-490A-4B49-A67E-27ADAEE86DCE}"
EndProject
Global
	GlobalSection(SolutionConfigurationPlatforms) = preSolution
		Debug|Any CPU = Debug|Any CPU
		Release|Any CPU = Release|Any CPU
	EndGlobalSection
	GlobalSection(ProjectConfigurationPlatforms) = postSolution
		{FFCE085A-490A-4B49-A67E-27ADAEE86DCE}.Debug|Any CPU.ActiveCfg = Debug|Any CPU
		{FFCE085A-490A-4B49-A67E-27ADAEE86DCE}.Debug|Any CPU.Build.0 = Debug|Any CPU
		{FFCE085A-490A-4B49-A67E-27ADAEE86DCE}.Release|Any CPU.ActiveCfg = Release|Any CPU
		{FFCE085A-490A-4B49-A67E-27ADAEE86DCE}.Release|Any CPU.Build.0 = Release|Any CPU
	EndGlobalSection
	GlobalSection(SolutionProperties) = preSolution
		HideSolutionNode = FALSE
	EndGlobalSection
	GlobalSection(ExtensibilityGlobals) = postSolution
		SolutionGuid = {74D21DCF-F6BA-4BA8-820D-71ECDD35620E}
	EndGlobalSection
EndGlobal
